
Microsoft Visual Studio Solution File, Format Version 12.00
# Visual Studio Version 17
VisualStudioVersion = 17.3.32804.467
MinimumVisualStudioVersion = 10.0.40219.1
Project("{FAE04EC0-301F-11D3-BF4B-00C04F79EFBC}") = "stinkymap", "stinkymap\stinkymap.csproj", "{955C5BC2-DF15-4C57-ACE3-9BA8730BECCC}"
EndProject
Global
	GlobalSection(SolutionConfigurationPlatforms) = preSolution
		Debug|Any CPU = Debug|Any CPU
		Release|Any CPU = Release|Any CPU
	EndGlobalSection
	GlobalSection(ProjectConfigurationPlatforms) = postSolution
		{955C5BC2-DF15-4C57-ACE3-9BA8730BECCC}.Debug|Any CPU.ActiveCfg = Debug|Any CPU
		{955C5BC2-DF15-4C57-ACE3-9BA8730BECCC}.Debug|Any CPU.Build.0 = Debug|Any CPU
		{955C5BC2-DF15-4C57-ACE3-9BA8730BECCC}.Release|Any CPU.ActiveCfg = Release|Any CPU
		{955C5BC2-DF15-4C57-ACE3-9BA8730BECCC}.Release|Any CPU.Build.0 = Release|Any CPU
	EndGlobalSection
	GlobalSection(SolutionProperties) = preSolution
		HideSolutionNode = FALSE
	EndGlobalSection
	GlobalSection(ExtensibilityGlobals) = postSolution
		SolutionGuid = {95796863-C22C-456C-B262-0C1D6F6546CB}
	EndGlobalSection
EndGlobal
